Microsoft Visual Studio Solution File, Format Version 12.00
# Visual Studio Version 17
VisualStudioVersion = 17.5.2.0
MinimumVisualStudioVersion = 10.0.40219.1
Project("{FAE04EC0-301F-11D3-BF4B-00C04F79EFBC}") = "Southpointtreasury.api", "southpointtreasury.api\Southpointtreasury.api.csproj", "{EFEDDEC7-D46D-6BEC-E1BE-F42B1D77E9ED}"
EndProject
Global
	GlobalSection(SolutionConfigurationPlatforms) = preSolution
		Debug|Any CPU = Debug|Any CPU
		Release|Any CPU = Release|Any CPU
	EndGlobalSection
	GlobalSection(ProjectConfigurationPlatforms) = postSolution
		{EFEDDEC7-D46D-6BEC-E1BE-F42B1D77E9ED}.Debug|Any CPU.ActiveCfg = Debug|Any CPU
		{EFEDDEC7-D46D-6BEC-E1BE-F42B1D77E9ED}.Debug|Any CPU.Build.0 = Debug|Any CPU
		{EFEDDEC7-D46D-6BEC-E1BE-F42B1D77E9ED}.Release|Any CPU.ActiveCfg = Release|Any CPU
		{EFEDDEC7-D46D-6BEC-E1BE-F42B1D77E9ED}.Release|Any CPU.Build.0 = Release|Any CPU
	EndGlobalSection
	GlobalSection(SolutionProperties) = preSolution
		HideSolutionNode = FALSE
	EndGlobalSection
	GlobalSection(ExtensibilityGlobals) = postSolution
		SolutionGuid = {3ED16CE2-AD5A-41B2-8235-BBF34D39E5BA}
	EndGlobalSection
EndGlobal
